<?xml version="1.0" encoding="utf-8"?>
<Project ToolsVersion="4.0" xmlns="http://schemas.microsoft.com/developer/msbuild/2003">
  <ItemGroup>
    <ClCompile Include="src\pch.cpp" />
    <ClCompile Include="src\Tests\TestCOM.cpp">
      <Filter>Tests</Filter>
    </ClCompile>
    <ClCompile Include="src\SamplesHelper.cpp">
      <Filter>Samples</Filter>
    </ClCompile>
    <ClCompile Include="src\Tests\TestTrendMonitoring.cpp">
      <Filter>Tests\TestTrendMonitoring</Filter>
    </ClCompile>
    <ClCompile Include="src\Tests\TestMonitoringTasks.cpp">
      <Filter>Tests\TestMonitoringTasks</Filter>
    </ClCompile>
    <ClCompile Include="src\Tests\TestTelegramBot.cpp">
      <Filter>Tests\TestTelegramBot</Filter>
    </ClCompile>
    <ClCompile Include="src\Tests\TestSerialization.cpp">
      <Filter>Tests\TestSerialization</Filter>
    </ClCompile>
    <ClCompile Include="src\main.cpp" />
    <ClCompile Include="src\TestHelper.cpp">
      <Filter>TestHelper</Filter>
    </ClCompile>
  </ItemGroup>
  <ItemGroup>
    <ClInclude Include="src\pch.h" />
    <ClInclude Include="src\resource.h" />
    <ClInclude Include="src\SamplesHelper.h">
      <Filter>Samples</Filter>
    </ClInclude>
    <ClInclude Include="src\Tests\TestTrendMonitoring.h">
      <Filter>Tests\TestTrendMonitoring</Filter>
    </ClInclude>
    <ClInclude Include="src\Tests\TestMonitoringTasks.h">
      <Filter>Tests\TestMonitoringTasks</Filter>
    </ClInclude>
    <ClInclude Include="src\Tests\TestTelegramBot.h">
      <Filter>Tests\TestTelegramBot</Filter>
    </ClInclude>
    <ClInclude Include="src\Tests\TestSerialization.h">
      <Filter>Tests\TestSerialization</Filter>
    </ClInclude>
    <ClInclude Include="src\TestHelper.h">
      <Filter>TestHelper</Filter>
    </ClInclude>
  </ItemGroup>
  <ItemGroup>
    <Filter Include="Samples">
      <UniqueIdentifier>{7c1242f9-4ea8-4b23-add3-b1e99a0604ee}</UniqueIdentifier>
    </Filter>
    <Filter Include="Samples\Files">
      <UniqueIdentifier>{cfdac590-0676-4ec4-a9be-afd6ee5d5afc}</UniqueIdentifier>
    </Filter>
    <Filter Include="Tests">
      <UniqueIdentifier>{32fcd626-b7ed-43ac-a71d-dd11639d2635}</UniqueIdentifier>
    </Filter>
    <Filter Include="Tests\TestTrendMonitoring">
      <UniqueIdentifier>{974968ef-e0f1-4b6a-a583-dc45f337cb60}</UniqueIdentifier>
    </Filter>
    <Filter Include="Tests\TestMonitoringTasks">
      <UniqueIdentifier>{d8b086be-38f4-4fdf-a25e-b5175bc44574}</UniqueIdentifier>
    </Filter>
    <Filter Include="Tests\TestTelegramBot">
      <UniqueIdentifier>{114695d6-27e5-4bc0-a5c4-df740f8d6c1c}</UniqueIdentifier>
    </Filter>
    <Filter Include="Tests\TestSerialization">
      <UniqueIdentifier>{4d266099-1233-4666-a34c-94b89996536b}</UniqueIdentifier>
    </Filter>
    <Filter Include="TestHelper">
      <UniqueIdentifier>{4ae69fe3-f34c-4972-ad61-51f26b0d38ff}</UniqueIdentifier>
    </Filter>
  </ItemGroup>
  <ItemGroup>
    <None Include="packages.config" />
  </ItemGroup>
  <ItemGroup>
    <Xml Include="Samples\TestXMLFileValid.xml">
      <Filter>Samples\Files</Filter>
    </Xml>
    <Xml Include="Samples\TestXMLSerialization.xml">
      <Filter>Samples\Files</Filter>
    </Xml>
    <Xml Include="Samples\TestAppConfig.xml">
      <Filter>Samples\Files</Filter>
    </Xml>
  </ItemGroup>
  <ItemGroup>
    <ResourceCompile Include="src\Tests.rc" />
  </ItemGroup>
</Project>