<?xml version="1.0" encoding="utf-8"?>
<Project ToolsVersion="4.0" xmlns="http://schemas.microsoft.com/developer/msbuild/2003">
  <ItemGroup>
    <Filter Include="Source Files">
      <UniqueIdentifier>{4FC737F1-C7A5-4376-A066-2A32D752A2FF}</UniqueIdentifier>
      <Extensions>cpp;c;cc;cxx;def;odl;idl;hpj;bat;asm;asmx</Extensions>
    </Filter>
    <Filter Include="Header Files">
      <UniqueIdentifier>{93995380-89BD-4b04-88EB-625FBE52EBFB}</UniqueIdentifier>
      <Extensions>h;hh;hpp;hxx;hm;inl;inc;ipp;xsd</Extensions>
    </Filter>
    <Filter Include="Resource Files">
      <UniqueIdentifier>{67DA6AB6-F800-4c08-8B7A-83BB121AAD01}</UniqueIdentifier>
      <Extensions>rc;ico;cur;bmp;dlg;rc2;rct;bin;rgs;gif;jpg;jpeg;jpe;resx;tiff;tif;png;wav;mfcribbon-ms</Extensions>
    </Filter>
    <Filter Include="Controls">
      <UniqueIdentifier>{775d031b-9749-4d90-b477-c09b38ffff1b}</UniqueIdentifier>
    </Filter>
    <Filter Include="Controls\ListGroupCtrl">
      <UniqueIdentifier>{e99cc5c4-ac03-430c-aee6-3b80c2647b4b}</UniqueIdentifier>
    </Filter>
    <Filter Include="Controls\ListEditSubItems">
      <UniqueIdentifier>{1733d3a7-19fb-420a-8d01-0242c9d9fa64}</UniqueIdentifier>
    </Filter>
    <Filter Include="Controls\ComboWithSearch">
      <UniqueIdentifier>{cc45329a-1b94-4016-84e9-dd37378b23d3}</UniqueIdentifier>
    </Filter>
    <Filter Include="MainDlg">
      <UniqueIdentifier>{0a861760-3573-4555-9a8d-7e4fe69b5028}</UniqueIdentifier>
    </Filter>
    <Filter Include="Controls\ListBoxEx">
      <UniqueIdentifier>{a3dbbd33-a69a-495a-a666-439d2572ef43}</UniqueIdentifier>
    </Filter>
    <Filter Include="Controls\TabControl">
      <UniqueIdentifier>{c5c5c0f5-9f21-4c23-9439-235e10aafed2}</UniqueIdentifier>
    </Filter>
    <Filter Include="MainDlg\Tabs">
      <UniqueIdentifier>{3dbc03be-0fd6-4973-87ba-bab20a618509}</UniqueIdentifier>
    </Filter>
    <Filter Include="MainDlg\TrayHelper">
      <UniqueIdentifier>{cef46265-fb7e-4bee-983a-a6ca3431c992}</UniqueIdentifier>
    </Filter>
    <Filter Include="BotSettings">
      <UniqueIdentifier>{80a06af8-5499-4f17-9255-8e204441f352}</UniqueIdentifier>
    </Filter>
  </ItemGroup>
  <ItemGroup>
    <ClInclude Include="src\stdafx.h">
      <Filter>Header Files</Filter>
    </ClInclude>
    <ClInclude Include="src\targetver.h">
      <Filter>Header Files</Filter>
    </ClInclude>
    <ClInclude Include="src\Resource.h">
      <Filter>Header Files</Filter>
    </ClInclude>
    <ClInclude Include="src\Controls\Tables\ListGroupCtrl\ListGroupCtrl.h">
      <Filter>Controls\ListGroupCtrl</Filter>
    </ClInclude>
    <ClInclude Include="src\Controls\ComboBox\CComboBoxWithSearch\ComboWithSearch.h">
      <Filter>Controls\ComboWithSearch</Filter>
    </ClInclude>
    <ClInclude Include="src\Controls\Tables\ListEditSubItems\ListEditSubItems.h">
      <Filter>Controls\ListEditSubItems</Filter>
    </ClInclude>
    <ClInclude Include="src\Controls\Tables\ListEditSubItems\ListEditSubItemsImpl.h">
      <Filter>Controls\ListEditSubItems</Filter>
    </ClInclude>
    <ClInclude Include="src\Controls\ListBox\CListBoxEx\CListBoxEx.h">
      <Filter>Controls\ListBoxEx</Filter>
    </ClInclude>
    <ClInclude Include="src\Controls\TabControl\TabControl.h">
      <Filter>Controls\TabControl</Filter>
    </ClInclude>
    <ClInclude Include="src\TabReports.h">
      <Filter>MainDlg\Tabs</Filter>
    </ClInclude>
    <ClInclude Include="src\TabTrendLog.h">
      <Filter>MainDlg\Tabs</Filter>
    </ClInclude>
    <ClInclude Include="src\TrayHelper.h">
      <Filter>MainDlg\TrayHelper</Filter>
    </ClInclude>
    <ClInclude Include="src\BotSettingDlg.h">
      <Filter>BotSettings</Filter>
    </ClInclude>
    <ClInclude Include="src\TrendMonitorDlg.h">
      <Filter>MainDlg</Filter>
    </ClInclude>
    <ClInclude Include="src\TrendMonitor.h">
      <Filter>MainDlg</Filter>
    </ClInclude>
  </ItemGroup>
  <ItemGroup>
    <ClCompile Include="src\stdafx.cpp">
      <Filter>Source Files</Filter>
    </ClCompile>
    <ClCompile Include="src\Controls\Tables\ListGroupCtrl\ListGroupCtrl.cpp">
      <Filter>Controls\ListGroupCtrl</Filter>
    </ClCompile>
    <ClCompile Include="src\Controls\ComboBox\CComboBoxWithSearch\ComboWithSearch.cpp">
      <Filter>Controls\ComboWithSearch</Filter>
    </ClCompile>
    <ClCompile Include="src\Controls\Tables\ListEditSubItems\ListEditSubItems.cpp">
      <Filter>Controls\ListEditSubItems</Filter>
    </ClCompile>
    <ClCompile Include="src\TrendMonitor.cpp">
      <Filter>MainDlg</Filter>
    </ClCompile>
    <ClCompile Include="src\TrendMonitorDlg.cpp">
      <Filter>MainDlg</Filter>
    </ClCompile>
    <ClCompile Include="src\Controls\ListBox\CListBoxEx\CListBoxEx.cpp">
      <Filter>Controls\ListBoxEx</Filter>
    </ClCompile>
    <ClCompile Include="src\Controls\TabControl\TabControl.cpp">
      <Filter>Controls\TabControl</Filter>
    </ClCompile>
    <ClCompile Include="src\TabTrendLog.cpp">
      <Filter>MainDlg\Tabs</Filter>
    </ClCompile>
    <ClCompile Include="src\TabReports.cpp">
      <Filter>MainDlg\Tabs</Filter>
    </ClCompile>
    <ClCompile Include="src\TrayHelper.cpp">
      <Filter>MainDlg\TrayHelper</Filter>
    </ClCompile>
    <ClCompile Include="src\BotSettingDlg.cpp">
      <Filter>BotSettings</Filter>
    </ClCompile>
  </ItemGroup>
  <ItemGroup>
    <ResourceCompile Include="src\TrendMonitor.rc">
      <Filter>Resource Files</Filter>
    </ResourceCompile>
  </ItemGroup>
  <ItemGroup>
    <None Include="src\res\TrendMonitor.rc2">
      <Filter>Resource Files</Filter>
    </None>
    <None Include="packages.config" />
  </ItemGroup>
  <ItemGroup>
    <Image Include="src\res\TrendMonitor.ico">
      <Filter>Resource Files</Filter>
    </Image>
    <Image Include="src\res\add.png">
      <Filter>Resource Files</Filter>
    </Image>
    <Image Include="src\res\remove.png">
      <Filter>Resource Files</Filter>
    </Image>
    <Image Include="src\res\move_down.png">
      <Filter>Resource Files</Filter>
    </Image>
    <Image Include="src\res\move_up.png">
      <Filter>Resource Files</Filter>
    </Image>
    <Image Include="src\res\refresh.png">
      <Filter>Resource Files</Filter>
    </Image>
    <Image Include="src\res\show_trends.png">
      <Filter>Resource Files</Filter>
    </Image>
  </ItemGroup>
</Project>